// !$*UTF8*$!
{
	archiveVersion = 1;
	classes = {
	};
	objectVersion = 46;
	objects = {

/* Begin PBXBuildFile section */
		006FD47F1BB3CB9500B067E3 /* User.plist in Resources */ = {isa = PBXBuildFile; fileRef = 006FD47E1BB3CB9500B067E3 /* User.plist */; };
		006FD4811BB3CEE900B067E3 /* ConnectViewController.swift in Sources */ = {isa = PBXBuildFile; fileRef = 006FD4801BB3CEE900B067E3 /* ConnectViewController.swift */; };
		006FD4831BB3D25A00B067E3 /* HistoryViewController.swift in Sources */ = {isa = PBXBuildFile; fileRef = 006FD4821BB3D25A00B067E3 /* HistoryViewController.swift */; };
		00EC565C1BB3A99400443FFC /* AppDelegate.swift in Sources */ = {isa = PBXBuildFile; fileRef = 00EC565B1BB3A99400443FFC /* AppDelegate.swift */; };
		00EC565F1BB3A99400443FFC /* keenbrace.xcdatamodeld in Sources */ = {isa = PBXBuildFile; fileRef = 00EC565D1BB3A99400443FFC /* keenbrace.xcdatamodeld */; };
		00EC56611BB3A99400443FFC /* HomeViewController.swift in Sources */ = {isa = PBXBuildFile; fileRef = 00EC56601BB3A99400443FFC /* HomeViewController.swift */; };
		00EC56641BB3A99400443FFC /* Main.storyboard in Resources */ = {isa = PBXBuildFile; fileRef = 00EC56621BB3A99400443FFC /* Main.storyboard */; };
		00EC56661BB3A99400443FFC /* Images.xcassets in Resources */ = {isa = PBXBuildFile; fileRef = 00EC56651BB3A99400443FFC /* Images.xcassets */; };
		00EC56691BB3A99400443FFC /* LaunchScreen.xib in Resources */ = {isa = PBXBuildFile; fileRef = 00EC56671BB3A99400443FFC /* LaunchScreen.xib */; };
		00EC56751BB3A99400443FFC /* keenbraceTests.swift in Sources */ = {isa = PBXBuildFile; fileRef = 00EC56741BB3A99400443FFC /* keenbraceTests.swift */; };
		15081BC71C116A9C008B41E2 /* libz.tbd in Frameworks */ = {isa = PBXBuildFile; fileRef = 15081BC61C116A9C008B41E2 /* libz.tbd */; };
		15081BC91C116D18008B41E2 /* Security.framework in Frameworks */ = {isa = PBXBuildFile; fileRef = 15081BC81C116D18008B41E2 /* Security.framework */; };
		15081BCB1C116D29008B41E2 /* libiconv.tbd in Frameworks */ = {isa = PBXBuildFile; fileRef = 15081BCA1C116D29008B41E2 /* libiconv.tbd */; };
		15081BCD1C116D36008B41E2 /* SystemConfiguration.framework in Frameworks */ = {isa = PBXBuildFile; fileRef = 15081BCC1C116D36008B41E2 /* SystemConfiguration.framework */; };
		15081BCF1C116D40008B41E2 /* CoreGraphics.framework in Frameworks */ = {isa = PBXBuildFile; fileRef = 15081BCE1C116D40008B41E2 /* CoreGraphics.framework */; };
		15081BD11C116D51008B41E2 /* libsqlite3.tbd in Frameworks */ = {isa = PBXBuildFile; fileRef = 15081BD01C116D51008B41E2 /* libsqlite3.tbd */; };
		15081BD31C116D5D008B41E2 /* CoreTelephony.framework in Frameworks */ = {isa = PBXBuildFile; fileRef = 15081BD21C116D5D008B41E2 /* CoreTelephony.framework */; };
		15081BD41C116D68008B41E2 /* libstdc++.tbd in Frameworks */ = {isa = PBXBuildFile; fileRef = 150B6C0C1C0EDFC4005F0E3F /* libstdc++.tbd */; };
		15081BD51C117D75008B41E2 /* libz.1.1.3.tbd in Frameworks */ = {isa = PBXBuildFile; fileRef = 150B6C0E1C0EDFD4005F0E3F /* libz.1.1.3.tbd */; };
		150FA90D1C155CE000B9C456 /* OpenShare+Alipay.m in Sources */ = {isa = PBXBuildFile; fileRef = 150FA9011C155CE000B9C456 /* OpenShare+Alipay.m */; };
		150FA90E1C155CE000B9C456 /* OpenShare+QQ.m in Sources */ = {isa = PBXBuildFile; fileRef = 150FA9031C155CE000B9C456 /* OpenShare+QQ.m */; };
		150FA90F1C155CE000B9C456 /* OpenShare+Renren.m in Sources */ = {isa = PBXBuildFile; fileRef = 150FA9051C155CE000B9C456 /* OpenShare+Renren.m */; };
		150FA9101C155CE000B9C456 /* OpenShare+Weibo.m in Sources */ = {isa = PBXBuildFile; fileRef = 150FA9071C155CE000B9C456 /* OpenShare+Weibo.m */; };
		150FA9111C155CE000B9C456 /* OpenShare+Weixin.m in Sources */ = {isa = PBXBuildFile; fileRef = 150FA9091C155CE000B9C456 /* OpenShare+Weixin.m */; };
		150FA9121C155CE000B9C456 /* OpenShare.m in Sources */ = {isa = PBXBuildFile; fileRef = 150FA90B1C155CE000B9C456 /* OpenShare.m */; };
		152573601BFC6DBE001C7594 /* History+CoreDataProperties.swift in Sources */ = {isa = PBXBuildFile; fileRef = 1525735E1BFC6DBE001C7594 /* History+CoreDataProperties.swift */; };
		152573611BFC6DBE001C7594 /* History.swift in Sources */ = {isa = PBXBuildFile; fileRef = 1525735F1BFC6DBE001C7594 /* History.swift */; };
		153C87051C16CE1700906ACE /* TestViewController.swift in Sources */ = {isa = PBXBuildFile; fileRef = 153C87041C16CE1700906ACE /* TestViewController.swift */; };
		153C87071C16CF3F00906ACE /* MobileCoreServices.framework in Frameworks */ = {isa = PBXBuildFile; fileRef = 153C87061C16CF3F00906ACE /* MobileCoreServices.framework */; };
		153C87091C16CF5900906ACE /* CoreLocation.framework in Frameworks */ = {isa = PBXBuildFile; fileRef = 153C87081C16CF5900906ACE /* CoreLocation.framework */; };
		1563D20F1C0ECB1B0039EE51 /* UMSocial_Sdk_4.3 in Resources */ = {isa = PBXBuildFile; fileRef = 1563D20D1C0ECB1B0039EE51 /* UMSocial_Sdk_4.3 */; };
		1563D2101C0ECB1B0039EE51 /* UMSocial_Sdk_Extra_Frameworks in Resources */ = {isa = PBXBuildFile; fileRef = 1563D20E1C0ECB1B0039EE51 /* UMSocial_Sdk_Extra_Frameworks */; };
		15C685F71C1032960086C1CD /* ImageIO.framework in Frameworks */ = {isa = PBXBuildFile; fileRef = 15C685F61C1032960086C1CD /* ImageIO.framework */; };
		15F935791C070D0200B86878 /* Funs.swift in Sources */ = {isa = PBXBuildFile; fileRef = 15F935781C070D0200B86878 /* Funs.swift */; };
		55384EDE1BCB624F000EEE39 /* GuideListTableViewController.swift in Sources */ = {isa = PBXBuildFile; fileRef = 55384EDD1BCB624F000EEE39 /* GuideListTableViewController.swift */; };
		55384EE01BCB62FD000EEE39 /* GuideViewController.swift in Sources */ = {isa = PBXBuildFile; fileRef = 55384EDF1BCB62FD000EEE39 /* GuideViewController.swift */; };
		55384EE21BCB67AF000EEE39 /* RunningViewController.swift in Sources */ = {isa = PBXBuildFile; fileRef = 55384EE11BCB67AF000EEE39 /* RunningViewController.swift */; };
		55CFD39E1BCF8E0E00AA29D7 /* ModUserInfoTableViewController.swift in Sources */ = {isa = PBXBuildFile; fileRef = 55CFD39D1BCF8E0E00AA29D7 /* ModUserInfoTableViewController.swift */; };
		55D894C21BCCF5DD0084ED40 /* MyselfTableViewController.swift in Sources */ = {isa = PBXBuildFile; fileRef = 55D894C11BCCF5DD0084ED40 /* MyselfTableViewController.swift */; };
		55D894C41BCD0E970084ED40 /* UserInfoViewController.swift in Sources */ = {isa = PBXBuildFile; fileRef = 55D894C31BCD0E970084ED40 /* UserInfoViewController.swift */; };
		73ED24F2B355864A0AF73EFD /* Pods.framework in Frameworks */ = {isa = PBXBuildFile; fileRef = F3F6FB4AE5F83D0158718A9A /* Pods.framework */; };
/* End PBXBuildFile section */

/* Begin PBXContainerItemProxy section */
		00EC566F1BB3A99400443FFC /* PBXContainerItemProxy */ = {
			isa = PBXContainerItemProxy;
			containerPortal = 00EC564E1BB3A99400443FFC /* Project object */;
			proxyType = 1;
			remoteGlobalIDString = 00EC56551BB3A99400443FFC;
			remoteInfo = keenbrace;
		};
/* End PBXContainerItemProxy section */

/* Begin PBXFileReference section */
		006FD47E1BB3CB9500B067E3 /* User.plist */ = {isa = PBXFileReference; fileEncoding = 4; lastKnownFileType = text.plist.xml; path = User.plist; sourceTree = "<group>"; };
		006FD4801BB3CEE900B067E3 /* ConnectViewController.swift */ = {isa = PBXFileReference; fileEncoding = 4; lastKnownFileType = sourcecode.swift; path = ConnectViewController.swift; sourceTree = "<group>"; };
		006FD4821BB3D25A00B067E3 /* HistoryViewController.swift */ = {isa = PBXFileReference; fileEncoding = 4; lastKnownFileType = sourcecode.swift; path = HistoryViewController.swift; sourceTree = "<group>"; };
		00EC56561BB3A99400443FFC /* keenbrace.app */ = {isa = PBXFileReference; explicitFileType = wrapper.application; includeInIndex = 0; path = keenbrace.app; sourceTree = BUILT_PRODUCTS_DIR; };
		00EC565A1BB3A99400443FFC /* Info.plist */ = {isa = PBXFileReference; lastKnownFileType = text.plist.xml; path = Info.plist; sourceTree = "<group>"; };
		00EC565B1BB3A99400443FFC /* AppDelegate.swift */ = {isa = PBXFileReference; lastKnownFileType = sourcecode.swift; path = AppDelegate.swift; sourceTree = "<group>"; };
		00EC565E1BB3A99400443FFC /* keenbrace.xcdatamodel */ = {isa = PBXFileReference; lastKnownFileType = wrapper.xcdatamodel; path = keenbrace.xcdatamodel; sourceTree = "<group>"; };
		00EC56601BB3A99400443FFC /* HomeViewController.swift */ = {isa = PBXFileReference; lastKnownFileType = sourcecode.swift; path = HomeViewController.swift; sourceTree = "<group>"; };
		00EC56631BB3A99400443FFC /* Base */ = {isa = PBXFileReference; lastKnownFileType = file.storyboard; name = Base; path = Base.lproj/Main.storyboard; sourceTree = "<group>"; };
		00EC56651BB3A99400443FFC /* Images.xcassets */ = {isa = PBXFileReference; lastKnownFileType = folder.assetcatalog; path = Images.xcassets; sourceTree = "<group>"; };
		00EC56681BB3A99400443FFC /* Base */ = {isa = PBXFileReference; lastKnownFileType = file.xib; name = Base; path = Base.lproj/LaunchScreen.xib; sourceTree = "<group>"; };
		00EC566E1BB3A99400443FFC /* keenbraceTests.xctest */ = {isa = PBXFileReference; explicitFileType = wrapper.cfbundle; includeInIndex = 0; path = keenbraceTests.xctest; sourceTree = BUILT_PRODUCTS_DIR; };
		00EC56731BB3A99400443FFC /* Info.plist */ = {isa = PBXFileReference; lastKnownFileType = text.plist.xml; path = Info.plist; sourceTree = "<group>"; };
		00EC56741BB3A99400443FFC /* keenbraceTests.swift */ = {isa = PBXFileReference; lastKnownFileType = sourcecode.swift; path = keenbraceTests.swift; sourceTree = "<group>"; };
		15081BC61C116A9C008B41E2 /* libz.tbd */ = {isa = PBXFileReference; lastKnownFileType = "sourcecode.text-based-dylib-definition"; name = libz.tbd; path = usr/lib/libz.tbd; sourceTree = SDKROOT; };
		15081BC81C116D18008B41E2 /* Security.framework */ = {isa = PBXFileReference; lastKnownFileType = wrapper.framework; name = Security.framework; path = System/Library/Frameworks/Security.framework; sourceTree = SDKROOT; };
		15081BCA1C116D29008B41E2 /* libiconv.tbd */ = {isa = PBXFileReference; lastKnownFileType = "sourcecode.text-based-dylib-definition"; name = libiconv.tbd; path = usr/lib/libiconv.tbd; sourceTree = SDKROOT; };
		15081BCC1C116D36008B41E2 /* SystemConfiguration.framework */ = {isa = PBXFileReference; lastKnownFileType = wrapper.framework; name = SystemConfiguration.framework; path = System/Library/Frameworks/SystemConfiguration.framework; sourceTree = SDKROOT; };
		15081BCE1C116D40008B41E2 /* CoreGraphics.framework */ = {isa = PBXFileReference; lastKnownFileType = wrapper.framework; name = CoreGraphics.framework; path = System/Library/Frameworks/CoreGraphics.framework; sourceTree = SDKROOT; };
		15081BD01C116D51008B41E2 /* libsqlite3.tbd */ = {isa = PBXFileReference; lastKnownFileType = "sourcecode.text-based-dylib-definition"; name = libsqlite3.tbd; path = usr/lib/libsqlite3.tbd; sourceTree = SDKROOT; };
		15081BD21C116D5D008B41E2 /* CoreTelephony.framework */ = {isa = PBXFileReference; lastKnownFileType = wrapper.framework; name = CoreTelephony.framework; path = System/Library/Frameworks/CoreTelephony.framework; sourceTree = SDKROOT; };
		150B6C0B1C0ED1B7005F0E3F /* keenbrace-Bridging-Header.h */ = {isa = PBXFileReference; lastKnownFileType = sourcecode.c.h; path = "keenbrace-Bridging-Header.h"; sourceTree = "<group>"; };
		150B6C0C1C0EDFC4005F0E3F /* libstdc++.tbd */ = {isa = PBXFileReference; lastKnownFileType = "sourcecode.text-based-dylib-definition"; name = "libstdc++.tbd"; path = "usr/lib/libstdc++.tbd"; sourceTree = SDKROOT; };
		150B6C0E1C0EDFD4005F0E3F /* libz.1.1.3.tbd */ = {isa = PBXFileReference; lastKnownFileType = "sourcecode.text-based-dylib-definition"; name = libz.1.1.3.tbd; path = usr/lib/libz.1.1.3.tbd; sourceTree = SDKROOT; };
		150FA9001C155CE000B9C456 /* OpenShare+Alipay.h */ = {isa = PBXFileReference; fileEncoding = 4; lastKnownFileType = sourcecode.c.h; path = "OpenShare+Alipay.h"; sourceTree = "<group>"; };
		150FA9011C155CE000B9C456 /* OpenShare+Alipay.m */ = {isa = PBXFileReference; fileEncoding = 4; lastKnownFileType = sourcecode.c.objc; path = "OpenShare+Alipay.m"; sourceTree = "<group>"; };
		150FA9021C155CE000B9C456 /* OpenShare+QQ.h */ = {isa = PBXFileReference; fileEncoding = 4; lastKnownFileType = sourcecode.c.h; path = "OpenShare+QQ.h"; sourceTree = "<group>"; };
		150FA9031C155CE000B9C456 /* OpenShare+QQ.m */ = {isa = PBXFileReference; fileEncoding = 4; lastKnownFileType = sourcecode.c.objc; path = "OpenShare+QQ.m"; sourceTree = "<group>"; };
		150FA9041C155CE000B9C456 /* OpenShare+Renren.h */ = {isa = PBXFileReference; fileEncoding = 4; lastKnownFileType = sourcecode.c.h; path = "OpenShare+Renren.h"; sourceTree = "<group>"; };
		150FA9051C155CE000B9C456 /* OpenShare+Renren.m */ = {isa = PBXFileReference; fileEncoding = 4; lastKnownFileType = sourcecode.c.objc; path = "OpenShare+Renren.m"; sourceTree = "<group>"; };
		150FA9061C155CE000B9C456 /* OpenShare+Weibo.h */ = {isa = PBXFileReference; fileEncoding = 4; lastKnownFileType = sourcecode.c.h; path = "OpenShare+Weibo.h"; sourceTree = "<group>"; };
		150FA9071C155CE000B9C456 /* OpenShare+Weibo.m */ = {isa = PBXFileReference; fileEncoding = 4; lastKnownFileType = sourcecode.c.objc; path = "OpenShare+Weibo.m"; sourceTree = "<group>"; };
		150FA9081C155CE000B9C456 /* OpenShare+Weixin.h */ = {isa = PBXFileReference; fileEncoding = 4; lastKnownFileType = sourcecode.c.h; path = "OpenShare+Weixin.h"; sourceTree = "<group>"; };
		150FA9091C155CE000B9C456 /* OpenShare+Weixin.m */ = {isa = PBXFileReference; fileEncoding = 4; lastKnownFileType = sourcecode.c.objc; path = "OpenShare+Weixin.m"; sourceTree = "<group>"; };
		150FA90A1C155CE000B9C456 /* OpenShare.h */ = {isa = PBXFileReference; fileEncoding = 4; lastKnownFileType = sourcecode.c.h; path = OpenShare.h; sourceTree = "<group>"; };
		150FA90B1C155CE000B9C456 /* OpenShare.m */ = {isa = PBXFileReference; fileEncoding = 4; lastKnownFileType = sourcecode.c.objc; path = OpenShare.m; sourceTree = "<group>"; };
		150FA90C1C155CE000B9C456 /* OpenShareHeader.h */ = {isa = PBXFileReference; fileEncoding = 4; lastKnownFileType = sourcecode.c.h; path = OpenShareHeader.h; sourceTree = "<group>"; };
		1525735E1BFC6DBE001C7594 /* History+CoreDataProperties.swift */ = {isa = PBXFileReference; fileEncoding = 4; lastKnownFileType = sourcecode.swift; path = "History+CoreDataProperties.swift"; sourceTree = "<group>"; };
		1525735F1BFC6DBE001C7594 /* History.swift */ = {isa = PBXFileReference; fileEncoding = 4; lastKnownFileType = sourcecode.swift; path = History.swift; sourceTree = "<group>"; };
		153C87041C16CE1700906ACE /* TestViewController.swift */ = {isa = PBXFileReference; fileEncoding = 4; lastKnownFileType = sourcecode.swift; name = TestViewController.swift; path = openshare/TestViewController.swift; sourceTree = "<group>"; };
		153C87061C16CF3F00906ACE /* MobileCoreServices.framework */ = {isa = PBXFileReference; lastKnownFileType = wrapper.framework; name = MobileCoreServices.framework; path = System/Library/Frameworks/MobileCoreServices.framework; sourceTree = SDKROOT; };
		153C87081C16CF5900906ACE /* CoreLocation.framework */ = {isa = PBXFileReference; lastKnownFileType = wrapper.framework; name = CoreLocation.framework; path = System/Library/Frameworks/CoreLocation.framework; sourceTree = SDKROOT; };
		1563D20D1C0ECB1B0039EE51 /* UMSocial_Sdk_4.3 */ = {isa = PBXFileReference; lastKnownFileType = folder; name = UMSocial_Sdk_4.3; path = /Users/miketam/Documents/apps/keenbrace/UMSocial_Sdk_4.3; sourceTree = "<absolute>"; };
		1563D20E1C0ECB1B0039EE51 /* UMSocial_Sdk_Extra_Frameworks */ = {isa = PBXFileReference; lastKnownFileType = folder; name = UMSocial_Sdk_Extra_Frameworks; path = /Users/miketam/Documents/apps/keenbrace/UMSocial_Sdk_Extra_Frameworks; sourceTree = "<absolute>"; };
		15A93E931BFF200B0011B28D /* Charts.framework */ = {isa = PBXFileReference; lastKnownFileType = wrapper.framework; name = Charts.framework; path = "Pods/../build/Debug-iphoneos/Charts.framework"; sourceTree = "<group>"; };
		15C685F61C1032960086C1CD /* ImageIO.framework */ = {isa = PBXFileReference; lastKnownFileType = wrapper.framework; name = ImageIO.framework; path = System/Library/Frameworks/ImageIO.framework; sourceTree = SDKROOT; };
		15F6C4BA1BFF11BD004585F7 /* Charts.framework */ = {isa = PBXFileReference; lastKnownFileType = wrapper.framework; name = Charts.framework; path = "Pods/../build/Debug-iphoneos/Charts.framework"; sourceTree = "<group>"; };
		15F6C4BC1BFF1DAA004585F7 /* Charts.framework */ = {isa = PBXFileReference; lastKnownFileType = wrapper.framework; name = Charts.framework; path = "Pods/../build/Debug-iphoneos/Charts.framework"; sourceTree = "<group>"; };
		15F935781C070D0200B86878 /* Funs.swift */ = {isa = PBXFileReference; fileEncoding = 4; lastKnownFileType = sourcecode.swift; path = Funs.swift; sourceTree = "<group>"; };
		42A7ACC8BB19AF3ED0DEBF65 /* Pods.debug.xcconfig */ = {isa = PBXFileReference; includeInIndex = 1; lastKnownFileType = text.xcconfig; name = Pods.debug.xcconfig; path = "Pods/Target Support Files/Pods/Pods.debug.xcconfig"; sourceTree = "<group>"; };
		55384EDD1BCB624F000EEE39 /* GuideListTableViewController.swift */ = {isa = PBXFileReference; fileEncoding = 4; lastKnownFileType = sourcecode.swift; path = GuideListTableViewController.swift; sourceTree = "<group>"; };
		55384EDF1BCB62FD000EEE39 /* GuideViewController.swift */ = {isa = PBXFileReference; fileEncoding = 4; lastKnownFileType = sourcecode.swift; path = GuideViewController.swift; sourceTree = "<group>"; };
		55384EE11BCB67AF000EEE39 /* RunningViewController.swift */ = {isa = PBXFileReference; fileEncoding = 4; lastKnownFileType = sourcecode.swift; path = RunningViewController.swift; sourceTree = "<group>"; };
		55CFD39D1BCF8E0E00AA29D7 /* ModUserInfoTableViewController.swift */ = {isa = PBXFileReference; fileEncoding = 4; lastKnownFileType = sourcecode.swift; path = ModUserInfoTableViewController.swift; sourceTree = "<group>"; };
		55D894C11BCCF5DD0084ED40 /* MyselfTableViewController.swift */ = {isa = PBXFileReference; fileEncoding = 4; lastKnownFileType = sourcecode.swift; path = MyselfTableViewController.swift; sourceTree = "<group>"; };
		55D894C31BCD0E970084ED40 /* UserInfoViewController.swift */ = {isa = PBXFileReference; fileEncoding = 4; lastKnownFileType = sourcecode.swift; path = UserInfoViewController.swift; sourceTree = "<group>"; };
		A926505A95097411C6470FBC /* Pods.release.xcconfig */ = {isa = PBXFileReference; includeInIndex = 1; lastKnownFileType = text.xcconfig; name = Pods.release.xcconfig; path = "Pods/Target Support Files/Pods/Pods.release.xcconfig"; sourceTree = "<group>"; };
		F3F6FB4AE5F83D0158718A9A /* Pods.framework */ = {isa = PBXFileReference; explicitFileType = wrapper.framework; includeInIndex = 0; path = Pods.framework; sourceTree = BUILT_PRODUCTS_DIR; };
/* End PBXFileReference section */

/* Begin PBXFrameworksBuildPhase section */
		00EC56531BB3A99400443FFC /* Frameworks */ = {
			isa = PBXFrameworksBuildPhase;
			buildActionMask = 2147483647;
			files = (
				153C87091C16CF5900906ACE /* CoreLocation.framework in Frameworks */,
				15081BD31C116D5D008B41E2 /* CoreTelephony.framework in Frameworks */,
				153C87071C16CF3F00906ACE /* MobileCoreServices.framework in Frameworks */,
				15081BD51C117D75008B41E2 /* libz.1.1.3.tbd in Frameworks */,
				15081BD41C116D68008B41E2 /* libstdc++.tbd in Frameworks */,
				15081BD11C116D51008B41E2 /* libsqlite3.tbd in Frameworks */,
				15081BCF1C116D40008B41E2 /* CoreGraphics.framework in Frameworks */,
				15081BCD1C116D36008B41E2 /* SystemConfiguration.framework in Frameworks */,
				15081BC91C116D18008B41E2 /* Security.framework in Frameworks */,
				15081BCB1C116D29008B41E2 /* libiconv.tbd in Frameworks */,
				15081BC71C116A9C008B41E2 /* libz.tbd in Frameworks */,
				15C685F71C1032960086C1CD /* ImageIO.framework in Frameworks */,
				73ED24F2B355864A0AF73EFD /* Pods.framework in Frameworks */,
			);
			runOnlyForDeploymentPostprocessing = 0;
		};
		00EC566B1BB3A99400443FFC /* Frameworks */ = {
			isa = PBXFrameworksBuildPhase;
			buildActionMask = 2147483647;
			files = (
			);
			runOnlyForDeploymentPostprocessing = 0;
		};
/* End PBXFrameworksBuildPhase section */

/* Begin PBXGroup section */
		00EC564D1BB3A99400443FFC = {
			isa = PBXGroup;
			children = (
				1525735E1BFC6DBE001C7594 /* History+CoreDataProperties.swift */,
				1525735F1BFC6DBE001C7594 /* History.swift */,
				00EC56581BB3A99400443FFC /* keenbrace */,
				00EC56711BB3A99400443FFC /* keenbraceTests */,
				00EC56571BB3A99400443FFC /* Products */,
				94886A9D48FE5EEC0072246E /* Pods */,
				5363C065EF5CBA067CDBE2C3 /* Frameworks */,
			);
			sourceTree = "<group>";
		};
		00EC56571BB3A99400443FFC /* Products */ = {
			isa = PBXGroup;
			children = (
				00EC56561BB3A99400443FFC /* keenbrace.app */,
				00EC566E1BB3A99400443FFC /* keenbraceTests.xctest */,
			);
			name = Products;
			sourceTree = "<group>";
		};
		00EC56581BB3A99400443FFC /* keenbrace */ = {
			isa = PBXGroup;
			children = (
				150FA8FF1C155CE000B9C456 /* openshare */,
				00EC565B1BB3A99400443FFC /* AppDelegate.swift */,
				00EC56601BB3A99400443FFC /* HomeViewController.swift */,
				006FD4821BB3D25A00B067E3 /* HistoryViewController.swift */,
				55384EDD1BCB624F000EEE39 /* GuideListTableViewController.swift */,
				55384EDF1BCB62FD000EEE39 /* GuideViewController.swift */,
				55384EE11BCB67AF000EEE39 /* RunningViewController.swift */,
				006FD4801BB3CEE900B067E3 /* ConnectViewController.swift */,
				00EC56621BB3A99400443FFC /* Main.storyboard */,
				150B6C0B1C0ED1B7005F0E3F /* keenbrace-Bridging-Header.h */,
				153C87041C16CE1700906ACE /* TestViewController.swift */,
				556110271BCE84C700B02BBD /* 我的 */,
				00EC56651BB3A99400443FFC /* Images.xcassets */,
				00EC56671BB3A99400443FFC /* LaunchScreen.xib */,
				00EC565D1BB3A99400443FFC /* keenbrace.xcdatamodeld */,
				00EC56591BB3A99400443FFC /* Supporting Files */,
				15F935781C070D0200B86878 /* Funs.swift */,
			);
			path = keenbrace;
			sourceTree = "<group>";
		};
		00EC56591BB3A99400443FFC /* Supporting Files */ = {
			isa = PBXGroup;
			children = (
				00EC565A1BB3A99400443FFC /* Info.plist */,
				006FD47E1BB3CB9500B067E3 /* User.plist */,
			);
			name = "Supporting Files";
			sourceTree = "<group>";
		};
		00EC56711BB3A99400443FFC /* keenbraceTests */ = {
			isa = PBXGroup;
			children = (
				00EC56741BB3A99400443FFC /* keenbraceTests.swift */,
				00EC56721BB3A99400443FFC /* Supporting Files */,
			);
			path = keenbraceTests;
			sourceTree = "<group>";
		};
		00EC56721BB3A99400443FFC /* Supporting Files */ = {
			isa = PBXGroup;
			children = (
				00EC56731BB3A99400443FFC /* Info.plist */,
			);
			name = "Supporting Files";
			sourceTree = "<group>";
		};
		150FA8FF1C155CE000B9C456 /* openshare */ = {
			isa = PBXGroup;
			children = (
				150FA9001C155CE000B9C456 /* OpenShare+Alipay.h */,
				150FA9011C155CE000B9C456 /* OpenShare+Alipay.m */,
				150FA9021C155CE000B9C456 /* OpenShare+QQ.h */,
				150FA9031C155CE000B9C456 /* OpenShare+QQ.m */,
				150FA9041C155CE000B9C456 /* OpenShare+Renren.h */,
				150FA9051C155CE000B9C456 /* OpenShare+Renren.m */,
				150FA9061C155CE000B9C456 /* OpenShare+Weibo.h */,
				150FA9071C155CE000B9C456 /* OpenShare+Weibo.m */,
				150FA9081C155CE000B9C456 /* OpenShare+Weixin.h */,
				150FA9091C155CE000B9C456 /* OpenShare+Weixin.m */,
				150FA90A1C155CE000B9C456 /* OpenShare.h */,
				150FA90B1C155CE000B9C456 /* OpenShare.m */,
				150FA90C1C155CE000B9C456 /* OpenShareHeader.h */,
			);
			path = openshare;
			sourceTree = "<group>";
		};
		5363C065EF5CBA067CDBE2C3 /* Frameworks */ = {
			isa = PBXGroup;
			children = (
				153C87081C16CF5900906ACE /* CoreLocation.framework */,
				153C87061C16CF3F00906ACE /* MobileCoreServices.framework */,
				15081BD21C116D5D008B41E2 /* CoreTelephony.framework */,
				15081BD01C116D51008B41E2 /* libsqlite3.tbd */,
				15081BCE1C116D40008B41E2 /* CoreGraphics.framework */,
				15081BCC1C116D36008B41E2 /* SystemConfiguration.framework */,
				15081BCA1C116D29008B41E2 /* libiconv.tbd */,
				15081BC81C116D18008B41E2 /* Security.framework */,
				15081BC61C116A9C008B41E2 /* libz.tbd */,
				15C685F61C1032960086C1CD /* ImageIO.framework */,
				150B6C0E1C0EDFD4005F0E3F /* libz.1.1.3.tbd */,
				150B6C0C1C0EDFC4005F0E3F /* libstdc++.tbd */,
				15A93E931BFF200B0011B28D /* Charts.framework */,
				15F6C4BC1BFF1DAA004585F7 /* Charts.framework */,
				15F6C4BA1BFF11BD004585F7 /* Charts.framework */,
				F3F6FB4AE5F83D0158718A9A /* Pods.framework */,
			);
			name = Frameworks;
			sourceTree = "<group>";
		};
		556110271BCE84C700B02BBD /* 我的 */ = {
			isa = PBXGroup;
			children = (
				55D894C11BCCF5DD0084ED40 /* MyselfTableViewController.swift */,
				55D894C31BCD0E970084ED40 /* UserInfoViewController.swift */,
				55CFD39D1BCF8E0E00AA29D7 /* ModUserInfoTableViewController.swift */,
			);
			name = "我的";
			sourceTree = "<group>";
		};
		94886A9D48FE5EEC0072246E /* Pods */ = {
			isa = PBXGroup;
			children = (
				42A7ACC8BB19AF3ED0DEBF65 /* Pods.debug.xcconfig */,
				A926505A95097411C6470FBC /* Pods.release.xcconfig */,
			);
			name = Pods;
			sourceTree = "<group>";
		};
/* End PBXGroup section */

/* Begin PBXNativeTarget section */
		00EC56551BB3A99400443FFC /* keenbrace */ = {
			isa = PBXNativeTarget;
			buildConfigurationList = 00EC56781BB3A99400443FFC /* Build configuration list for PBXNativeTarget "keenbrace" */;
			buildPhases = (
				0F5B9F308B7DEC034BDA777D /* Check Pods Manifest.lock */,
				00EC56521BB3A99400443FFC /* Sources */,
				00EC56531BB3A99400443FFC /* Frameworks */,
				00EC56541BB3A99400443FFC /* Resources */,
				B7CEF842EE7511F828D5CA8D /* Embed Pods Frameworks */,
				60D2CD5C46E920DBC7195D3E /* Copy Pods Resources */,
			);
			buildRules = (
			);
			dependencies = (
			);
			name = keenbrace;
			productName = keenbrace;
			productReference = 00EC56561BB3A99400443FFC /* keenbrace.app */;
			productType = "com.apple.product-type.application";
		};
		00EC566D1BB3A99400443FFC /* keenbraceTests */ = {
			isa = PBXNativeTarget;
			buildConfigurationList = 00EC567B1BB3A99400443FFC /* Build configuration list for PBXNativeTarget "keenbraceTests" */;
			buildPhases = (
				00EC566A1BB3A99400443FFC /* Sources */,
				00EC566B1BB3A99400443FFC /* Frameworks */,
				00EC566C1BB3A99400443FFC /* Resources */,
			);
			buildRules = (
			);
			dependencies = (
				00EC56701BB3A99400443FFC /* PBXTargetDependency */,
			);
			name = keenbraceTests;
			productName = keenbraceTests;
			productReference = 00EC566E1BB3A99400443FFC /* keenbraceTests.xctest */;
			productType = "com.apple.product-type.bundle.unit-test";
		};
/* End PBXNativeTarget section */

/* Begin PBXProject section */
		00EC564E1BB3A99400443FFC /* Project object */ = {
			isa = PBXProject;
			attributes = {
				LastSwiftMigration = 0710;
				LastSwiftUpdateCheck = 0710;
				LastUpgradeCheck = 0710;
				ORGANIZATIONNAME = "mike公司";
				TargetAttributes = {
					00EC56551BB3A99400443FFC = {
						CreatedOnToolsVersion = 6.4;
						DevelopmentTeam = 7STK858PKA;
					};
					00EC566D1BB3A99400443FFC = {
						CreatedOnToolsVersion = 6.4;
						TestTargetID = 00EC56551BB3A99400443FFC;
					};
				};
			};
			buildConfigurationList = 00EC56511BB3A99400443FFC /* Build configuration list for PBXProject "keenbrace" */;
			compatibilityVersion = "Xcode 3.2";
			developmentRegion = English;
			hasScannedForEncodings = 0;
			knownRegions = (
				en,
				Base,
			);
			mainGroup = 00EC564D1BB3A99400443FFC;
			productRefGroup = 00EC56571BB3A99400443FFC /* Products */;
			projectDirPath = "";
			projectRoot = "";
			targets = (
				00EC56551BB3A99400443FFC /* keenbrace */,
				00EC566D1BB3A99400443FFC /* keenbraceTests */,
			);
		};
/* End PBXProject section */

/* Begin PBXResourcesBuildPhase section */
		00EC56541BB3A99400443FFC /* Resources */ = {
			isa = PBXResourcesBuildPhase;
			buildActionMask = 2147483647;
			files = (
				1563D2101C0ECB1B0039EE51 /* UMSocial_Sdk_Extra_Frameworks in Resources */,
				00EC56641BB3A99400443FFC /* Main.storyboard in Resources */,
				00EC56691BB3A99400443FFC /* LaunchScreen.xib in Resources */,
				006FD47F1BB3CB9500B067E3 /* User.plist in Resources */,
				00EC56661BB3A99400443FFC /* Images.xcassets in Resources */,
				1563D20F1C0ECB1B0039EE51 /* UMSocial_Sdk_4.3 in Resources */,
			);
			runOnlyForDeploymentPostprocessing = 0;
		};
		00EC566C1BB3A99400443FFC /* Resources */ = {
			isa = PBXResourcesBuildPhase;
			buildActionMask = 2147483647;
			files = (
			);
			runOnlyForDeploymentPostprocessing = 0;
		};
/* End PBXResourcesBuildPhase section */

/* Begin PBXShellScriptBuildPhase section */
		0F5B9F308B7DEC034BDA777D /* Check Pods Manifest.lock */ = {
			isa = PBXShellScriptBuildPhase;
			buildActionMask = 2147483647;
			files = (
			);
			inputPaths = (
			);
			name = "Check Pods Manifest.lock";
			outputPaths = (
			);
			runOnlyForDeploymentPostprocessing = 0;
			shellPath = /bin/sh;
			shellScript = "diff \"${PODS_ROOT}/../Podfile.lock\" \"${PODS_ROOT}/Manifest.lock\" > /dev/null\nif [[ $? != 0 ]] ; then\n    cat << EOM\nerror: The sandbox is not in sync with the Podfile.lock. Run 'pod install' or update your CocoaPods installation.\nEOM\n    exit 1\nfi\n";
			showEnvVarsInLog = 0;
		};
		60D2CD5C46E920DBC7195D3E /* Copy Pods Resources */ = {
			isa = PBXShellScriptBuildPhase;
			buildActionMask = 2147483647;
			files = (
			);
			inputPaths = (
			);
			name = "Copy Pods Resources";
			outputPaths = (
			);
			runOnlyForDeploymentPostprocessing = 0;
			shellPath = /bin/sh;
			shellScript = "\"${SRCROOT}/Pods/Target Support Files/Pods/Pods-resources.sh\"\n";
			showEnvVarsInLog = 0;
		};
		B7CEF842EE7511F828D5CA8D /* Embed Pods Frameworks */ = {
			isa = PBXShellScriptBuildPhase;
			buildActionMask = 2147483647;
			files = (
			);
			inputPaths = (
			);
			name = "Embed Pods Frameworks";
			outputPaths = (
			);
			runOnlyForDeploymentPostprocessing = 0;
			shellPath = /bin/sh;
			shellScript = "\"${SRCROOT}/Pods/Target Support Files/Pods/Pods-frameworks.sh\"\n";
			showEnvVarsInLog = 0;
		};
/* End PBXShellScriptBuildPhase section */

/* Begin PBXSourcesBuildPhase section */
		00EC56521BB3A99400443FFC /* Sources */ = {
			isa = PBXSourcesBuildPhase;
			buildActionMask = 2147483647;
			files = (
				006FD4831BB3D25A00B067E3 /* HistoryViewController.swift in Sources */,
				55384EE01BCB62FD000EEE39 /* GuideViewController.swift in Sources */,
				150FA90D1C155CE000B9C456 /* OpenShare+Alipay.m in Sources */,
				150FA9121C155CE000B9C456 /* OpenShare.m in Sources */,
				150FA9111C155CE000B9C456 /* OpenShare+Weixin.m in Sources */,
				00EC56611BB3A99400443FFC /* HomeViewController.swift in Sources */,
				150FA9101C155CE000B9C456 /* OpenShare+Weibo.m in Sources */,
				153C87051C16CE1700906ACE /* TestViewController.swift in Sources */,
				15F935791C070D0200B86878 /* Funs.swift in Sources */,
				55384EDE1BCB624F000EEE39 /* GuideListTableViewController.swift in Sources */,
				150FA90F1C155CE000B9C456 /* OpenShare+Renren.m in Sources */,
				00EC565F1BB3A99400443FFC /* keenbrace.xcdatamodeld in Sources */,
				00EC565C1BB3A99400443FFC /* AppDelegate.swift in Sources */,
				55D894C21BCCF5DD0084ED40 /* MyselfTableViewController.swift in Sources */,
				55D894C41BCD0E970084ED40 /* UserInfoViewController.swift in Sources */,
				152573601BFC6DBE001C7594 /* History+CoreDataProperties.swift in Sources */,
				150FA90E1C155CE000B9C456 /* OpenShare+QQ.m in Sources */,
				55CFD39E1BCF8E0E00AA29D7 /* ModUserInfoTableViewController.swift in Sources */,
				152573611BFC6DBE001C7594 /* History.swift in Sources */,
				55384EE21BCB67AF000EEE39 /* RunningViewController.swift in Sources */,
				006FD4811BB3CEE900B067E3 /* ConnectViewController.swift in Sources */,
			);
			runOnlyForDeploymentPostprocessing = 0;
		};
		00EC566A1BB3A99400443FFC /* Sources */ = {
			isa = PBXSourcesBuildPhase;
			buildActionMask = 2147483647;
			files = (
				00EC56751BB3A99400443FFC /* keenbraceTests.swift in Sources */,
			);
			runOnlyForDeploymentPostprocessing = 0;
		};
/* End PBXSourcesBuildPhase section */

/* Begin PBXTargetDependency section */
		00EC56701BB3A99400443FFC /* PBXTargetDependency */ = {
			isa = PBXTargetDependency;
			target = 00EC56551BB3A99400443FFC /* keenbrace */;
			targetProxy = 00EC566F1BB3A99400443FFC /* PBXContainerItemProxy */;
		};
/* End PBXTargetDependency section */

/* Begin PBXVariantGroup section */
		00EC56621BB3A99400443FFC /* Main.storyboard */ = {
			isa = PBXVariantGroup;
			children = (
				00EC56631BB3A99400443FFC /* Base */,
			);
			name = Main.storyboard;
			sourceTree = "<group>";
		};
		00EC56671BB3A99400443FFC /* LaunchScreen.xib */ = {
			isa = PBXVariantGroup;
			children = (
				00EC56681BB3A99400443FFC /* Base */,
			);
			name = LaunchScreen.xib;
			sourceTree = "<group>";
		};
/* End PBXVariantGroup section */

/* Begin XCBuildConfiguration section */
		00EC56761BB3A99400443FFC /* Debug */ = {
			isa = XCBuildConfiguration;
			buildSettings = {
				ALWAYS_SEARCH_USER_PATHS = NO;
				CLANG_CXX_LANGUAGE_STANDARD = "gnu++0x";
				CLANG_CXX_LIBRARY = "libc++";
				CLANG_ENABLE_MODULES = YES;
				CLANG_ENABLE_OBJC_ARC = YES;
				CLANG_WARN_BOOL_CONVERSION = YES;
				CLANG_WARN_CONSTANT_CONVERSION = YES;
				CLANG_WARN_DIRECT_OBJC_ISA_USAGE = YES_ERROR;
				CLANG_WARN_EMPTY_BODY = YES;
				CLANG_WARN_ENUM_CONVERSION = YES;
				CLANG_WARN_INT_CONVERSION = YES;
				CLANG_WARN_OBJC_ROOT_CLASS = YES_ERROR;
				CLANG_WARN_UNREACHABLE_CODE = YES;
				CLANG_WARN__DUPLICATE_METHOD_MATCH = YES;
				"CODE_SIGN_IDENTITY[sdk=iphoneos*]" = "iPhone Developer";
				COPY_PHASE_STRIP = NO;
				DEBUG_INFORMATION_FORMAT = "dwarf-with-dsym";
				ENABLE_STRICT_OBJC_MSGSEND = YES;
				ENABLE_TESTABILITY = YES;
				GCC_C_LANGUAGE_STANDARD = gnu99;
				GCC_DYNAMIC_NO_PIC = NO;
				GCC_NO_COMMON_BLOCKS = YES;
				GCC_OPTIMIZATION_LEVEL = 0;
				GCC_PREPROCESSOR_DEFINITIONS = (
					"DEBUG=1",
					"$(inherited)",
				);
				GCC_SYMBOLS_PRIVATE_EXTERN = NO;
				GCC_WARN_64_TO_32_BIT_CONVERSION = YES;
				GCC_WARN_ABOUT_RETURN_TYPE = YES_ERROR;
				GCC_WARN_UNDECLARED_SELECTOR = YES;
				GCC_WARN_UNINITIALIZED_AUTOS = YES_AGGRESSIVE;
				GCC_WARN_UNUSED_FUNCTION = YES;
				GCC_WARN_UNUSED_VARIABLE = YES;
				IPHONEOS_DEPLOYMENT_TARGET = 8.4;
				MTL_ENABLE_DEBUG_INFO = YES;
				ONLY_ACTIVE_ARCH = YES;
				OTHER_LDFLAGS = "-OBjC";
				SDKROOT = iphoneos;
				SWIFT_OPTIMIZATION_LEVEL = "-Onone";
				TARGETED_DEVICE_FAMILY = "1,2";
			};
			name = Debug;
		};
		00EC56771BB3A99400443FFC /* Release */ = {
			isa = XCBuildConfiguration;
			buildSettings = {
				ALWAYS_SEARCH_USER_PATHS = NO;
				CLANG_CXX_LANGUAGE_STANDARD = "gnu++0x";
				CLANG_CXX_LIBRARY = "libc++";
				CLANG_ENABLE_MODULES = YES;
				CLANG_ENABLE_OBJC_ARC = YES;
				CLANG_WARN_BOOL_CONVERSION = YES;
				CLANG_WARN_CONSTANT_CONVERSION = YES;
				CLANG_WARN_DIRECT_OBJC_ISA_USAGE = YES_ERROR;
				CLANG_WARN_EMPTY_BODY = YES;
				CLANG_WARN_ENUM_CONVERSION = YES;
				CLANG_WARN_INT_CONVERSION = YES;
				CLANG_WARN_OBJC_ROOT_CLASS = YES_ERROR;
				CLANG_WARN_UNREACHABLE_CODE = YES;
				CLANG_WARN__DUPLICATE_METHOD_MATCH = YES;
				"CODE_SIGN_IDENTITY[sdk=iphoneos*]" = "iPhone Developer";
				COPY_PHASE_STRIP = NO;
				DEBUG_INFORMATION_FORMAT = "dwarf-with-dsym";
				ENABLE_NS_ASSERTIONS = NO;
				ENABLE_STRICT_OBJC_MSGSEND = YES;
				GCC_C_LANGUAGE_STANDARD = gnu99;
				GCC_NO_COMMON_BLOCKS = YES;
				GCC_WARN_64_TO_32_BIT_CONVERSION = YES;
				GCC_WARN_ABOUT_RETURN_TYPE = YES_ERROR;
				GCC_WARN_UNDECLARED_SELECTOR = YES;
				GCC_WARN_UNINITIALIZED_AUTOS = YES_AGGRESSIVE;
				GCC_WARN_UNUSED_FUNCTION = YES;
				GCC_WARN_UNUSED_VARIABLE = YES;
				IPHONEOS_DEPLOYMENT_TARGET = 8.4;
				MTL_ENABLE_DEBUG_INFO = NO;
				OTHER_LDFLAGS = "-OBjC";
				SDKROOT = iphoneos;
				TARGETED_DEVICE_FAMILY = "1,2";
				VALIDATE_PRODUCT = YES;
			};
			name = Release;
		};
		00EC56791BB3A99400443FFC /* Debug */ = {
			isa = XCBuildConfiguration;
			baseConfigurationReference = 42A7ACC8BB19AF3ED0DEBF65 /* Pods.debug.xcconfig */;
			buildSettings = {
				ARCHS = (
					armv7s,
					armv7,
					arm64,
				);
				ASSETCATALOG_COMPILER_APPICON_NAME = AppIcon;
				CODE_SIGN_IDENTITY = "iPhone Developer";
				"CODE_SIGN_IDENTITY[sdk=iphoneos*]" = "iPhone Developer";
				ENABLE_BITCODE = NO;
				FRAMEWORK_SEARCH_PATHS = (
					"$(inherited)",
					"$(PROJECT_DIR)/build/Debug-iphoneos",
				);
				INFOPLIST_FILE = keenbrace/Info.plist;
				LD_RUNPATH_SEARCH_PATHS = "$(inherited) @executable_path/Frameworks";
				LIBRARY_SEARCH_PATHS = "$(inherited)";
				OTHER_LDFLAGS = "$(inherited)";
				PRODUCT_BUNDLE_IDENTIFIER = "com.mike.$(PRODUCT_NAME:rfc1034identifier)";
				PRODUCT_NAME = "$(TARGET_NAME)";
				PROVISIONING_PROFILE = "";
				SWIFT_OBJC_BRIDGING_HEADER = "keenbrace/keenbrace-Bridging-Header.h";
				VALID_ARCHS = "arm64 armv7 armv7s armv6";
			};
			name = Debug;
		};
		00EC567A1BB3A99400443FFC /* Release */ = {
			isa = XCBuildConfiguration;
			baseConfigurationReference = A926505A95097411C6470FBC /* Pods.release.xcconfig */;
			buildSettings = {
				ARCHS = (
					armv7s,
					armv7,
					arm64,
				);
				ASSETCATALOG_COMPILER_APPICON_NAME = AppIcon;
				CODE_SIGN_IDENTITY = "iPhone Developer";
				"CODE_SIGN_IDENTITY[sdk=iphoneos*]" = "iPhone Developer";
				ENABLE_BITCODE = NO;
				FRAMEWORK_SEARCH_PATHS = (
					"$(inherited)",
					"$(PROJECT_DIR)/build/Debug-iphoneos",
				);
				INFOPLIST_FILE = keenbrace/Info.plist;
				LD_RUNPATH_SEARCH_PATHS = "$(inherited) @executable_path/Frameworks";
				LIBRARY_SEARCH_PATHS = "$(inherited)";
				OTHER_LDFLAGS = "$(inherited)";
				PRODUCT_BUNDLE_IDENTIFIER = "com.mike.$(PRODUCT_NAME:rfc1034identifier)";
				PRODUCT_NAME = "$(TARGET_NAME)";
				PROVISIONING_PROFILE = "";
				SWIFT_OBJC_BRIDGING_HEADER = "keenbrace/keenbrace-Bridging-Header.h";
				SWIFT_OPTIMIZATION_LEVEL = "-Onone";
				VALID_ARCHS = "arm64 armv7 armv7s armv6";
			};
			name = Release;
		};
		00EC567C1BB3A99400443FFC /* Debug */ = {
			isa = XCBuildConfiguration;
			buildSettings = {
				BUNDLE_LOADER = "$(TEST_HOST)";
				FRAMEWORK_SEARCH_PATHS = (
					"$(SDKROOT)/Developer/Library/Frameworks",
					"$(inherited)",
				);
				GCC_PREPROCESSOR_DEFINITIONS = (
					"DEBUG=1",
					"$(inherited)",
				);
				INFOPLIST_FILE = keenbraceTests/Info.plist;
				LD_RUNPATH_SEARCH_PATHS = "$(inherited) @executable_path/Frameworks @loader_path/Frameworks";
				PRODUCT_BUNDLE_IDENTIFIER = "com.mike.$(PRODUCT_NAME:rfc1034identifier)";
				PRODUCT_NAME = "$(TARGET_NAME)";
				TEST_HOST = "$(BUILT_PRODUCTS_DIR)/keenbrace.app/keenbrace";
			};
			name = Debug;
		};
		00EC567D1BB3A99400443FFC /* Release */ = {
			isa = XCBuildConfiguration;
			buildSettings = {
				BUNDLE_LOADER = "$(TEST_HOST)";
				FRAMEWORK_SEARCH_PATHS = (
					"$(SDKROOT)/Developer/Library/Frameworks",
					"$(inherited)",
				);
				INFOPLIST_FILE = keenbraceTests/Info.plist;
				LD_RUNPATH_SEARCH_PATHS = "$(inherited) @executable_path/Frameworks @loader_path/Frameworks";
				PRODUCT_BUNDLE_IDENTIFIER = "com.mike.$(PRODUCT_NAME:rfc1034identifier)";
				PRODUCT_NAME = "$(TARGET_NAME)";
				TEST_HOST = "$(BUILT_PRODUCTS_DIR)/keenbrace.app/keenbrace";
			};
			name = Release;
		};
/* End XCBuildConfiguration section */

/* Begin XCConfigurationList section */
		00EC56511BB3A99400443FFC /* Build configuration list for PBXProject "keenbrace" */ = {
			isa = XCConfigurationList;
			buildConfigurations = (
				00EC56761BB3A99400443FFC /* Debug */,
				00EC56771BB3A99400443FFC /* Release */,
			);
			defaultConfigurationIsVisible = 0;
			defaultConfigurationName = Release;
		};
		00EC56781BB3A99400443FFC /* Build configuration list for PBXNativeTarget "keenbrace" */ = {
			isa = XCConfigurationList;
			buildConfigurations = (
				00EC56791BB3A99400443FFC /* Debug */,
				00EC567A1BB3A99400443FFC /* Release */,
			);
			defaultConfigurationIsVisible = 0;
			defaultConfigurationName = Release;
		};
		00EC567B1BB3A99400443FFC /* Build configuration list for PBXNativeTarget "keenbraceTests" */ = {
			isa = XCConfigurationList;
			buildConfigurations = (
				00EC567C1BB3A99400443FFC /* Debug */,
				00EC567D1BB3A99400443FFC /* Release */,
			);
			defaultConfigurationIsVisible = 0;
			defaultConfigurationName = Release;
		};
/* End XCConfigurationList section */

/* Begin XCVersionGroup section */
		00EC565D1BB3A99400443FFC /* keenbrace.xcdatamodeld */ = {
			isa = XCVersionGroup;
			children = (
				00EC565E1BB3A99400443FFC /* keenbrace.xcdatamodel */,
			);
			currentVersion = 00EC565E1BB3A99400443FFC /* keenbrace.xcdatamodel */;
			path = keenbrace.xcdatamodeld;
			sourceTree = "<group>";
			versionGroupType = wrapper.xcdatamodel;
		};
/* End XCVersionGroup section */
	};
	rootObject = 00EC564E1BB3A99400443FFC /* Project object */;
}
