// !$*UTF8*$!
{
	archiveVersion = 1;
	classes = {
	};
	objectVersion = 46;
	objects = {

/* Begin PBXBuildFile section */
		006FD47F1BB3CB9500B067E3 /* User.plist in Resources */ = {isa = PBXBuildFile; fileRef = 006FD47E1BB3CB9500B067E3 /* User.plist */; };
		006FD4811BB3CEE900B067E3 /* ConnectViewController.swift in Sources */ = {isa = PBXBuildFile; fileRef = 006FD4801BB3CEE900B067E3 /* ConnectViewController.swift */; };
		006FD4831BB3D25A00B067E3 /* HistoryViewController.swift in Sources */ = {isa = PBXBuildFile; fileRef = 006FD4821BB3D25A00B067E3 /* HistoryViewController.swift */; };
		00EC565C1BB3A99400443FFC /* AppDelegate.swift in Sources */ = {isa = PBXBuildFile; fileRef = 00EC565B1BB3A99400443FFC /* AppDelegate.swift */; };
		00EC565F1BB3A99400443FFC /* keenbrace.xcdatamodeld in Sources */ = {isa = PBXBuildFile; fileRef = 00EC565D1BB3A99400443FFC /* keenbrace.xcdatamodeld */; };
		00EC56611BB3A99400443FFC /* HomeViewController.swift in Sources */ = {isa = PBXBuildFile; fileRef = 00EC56601BB3A99400443FFC /* HomeViewController.swift */; };
		00EC56641BB3A99400443FFC /* Main.storyboard in Resources */ = {isa = PBXBuildFile; fileRef = 00EC56621BB3A99400443FFC /* Main.storyboard */; };
		00EC56661BB3A99400443FFC /* Images.xcassets in Resources */ = {isa = PBXBuildFile; fileRef = 00EC56651BB3A99400443FFC /* Images.xcassets */; };
		00EC56691BB3A99400443FFC /* LaunchScreen.xib in Resources */ = {isa = PBXBuildFile; fileRef = 00EC56671BB3A99400443FFC /* LaunchScreen.xib */; };
		00EC56751BB3A99400443FFC /* keenbraceTests.swift in Sources */ = {isa = PBXBuildFile; fileRef = 00EC56741BB3A99400443FFC /* keenbraceTests.swift */; };
		55384EDE1BCB624F000EEE39 /* GuideListTableViewController.swift in Sources */ = {isa = PBXBuildFile; fileRef = 55384EDD1BCB624F000EEE39 /* GuideListTableViewController.swift */; };
		55384EE01BCB62FD000EEE39 /* GuideViewController.swift in Sources */ = {isa = PBXBuildFile; fileRef = 55384EDF1BCB62FD000EEE39 /* GuideViewController.swift */; };
		55384EE21BCB67AF000EEE39 /* RunningViewController.swift in Sources */ = {isa = PBXBuildFile; fileRef = 55384EE11BCB67AF000EEE39 /* RunningViewController.swift */; };
		556110291BCE86DC00B02BBD /* ModifyInfoViewController.swift in Sources */ = {isa = PBXBuildFile; fileRef = 556110281BCE86DC00B02BBD /* ModifyInfoViewController.swift */; settings = {ASSET_TAGS = (); }; };
		55D894C21BCCF5DD0084ED40 /* MyselfTableViewController.swift in Sources */ = {isa = PBXBuildFile; fileRef = 55D894C11BCCF5DD0084ED40 /* MyselfTableViewController.swift */; settings = {ASSET_TAGS = (); }; };
		55D894C41BCD0E970084ED40 /* UserInfoViewController.swift in Sources */ = {isa = PBXBuildFile; fileRef = 55D894C31BCD0E970084ED40 /* UserInfoViewController.swift */; settings = {ASSET_TAGS = (); }; };
		73ED24F2B355864A0AF73EFD /* Pods.framework in Frameworks */ = {isa = PBXBuildFile; fileRef = F3F6FB4AE5F83D0158718A9A /* Pods.framework */; };
/* End PBXBuildFile section */

/* Begin PBXContainerItemProxy section */
		00EC566F1BB3A99400443FFC /* PBXContainerItemProxy */ = {
			isa = PBXContainerItemProxy;
			containerPortal = 00EC564E1BB3A99400443FFC /* Project object */;
			proxyType = 1;
			remoteGlobalIDString = 00EC56551BB3A99400443FFC;
			remoteInfo = keenbrace;
		};
/* End PBXContainerItemProxy section */

/* Begin PBXFileReference section */
		006FD47E1BB3CB9500B067E3 /* User.plist */ = {isa = PBXFileReference; fileEncoding = 4; lastKnownFileType = text.plist.xml; path = User.plist; sourceTree = "<group>"; };
		006FD4801BB3CEE900B067E3 /* ConnectViewController.swift */ = {isa = PBXFileReference; fileEncoding = 4; lastKnownFileType = sourcecode.swift; path = ConnectViewController.swift; sourceTree = "<group>"; };
		006FD4821BB3D25A00B067E3 /* HistoryViewController.swift */ = {isa = PBXFileReference; fileEncoding = 4; lastKnownFileType = sourcecode.swift; path = HistoryViewController.swift; sourceTree = "<group>"; };
		00EC56561BB3A99400443FFC /* keenbrace.app */ = {isa = PBXFileReference; explicitFileType = wrapper.application; includeInIndex = 0; path = keenbrace.app; sourceTree = BUILT_PRODUCTS_DIR; };
		00EC565A1BB3A99400443FFC /* Info.plist */ = {isa = PBXFileReference; lastKnownFileType = text.plist.xml; path = Info.plist; sourceTree = "<group>"; };
		00EC565B1BB3A99400443FFC /* AppDelegate.swift */ = {isa = PBXFileReference; lastKnownFileType = sourcecode.swift; path = AppDelegate.swift; sourceTree = "<group>"; };
		00EC565E1BB3A99400443FFC /* keenbrace.xcdatamodel */ = {isa = PBXFileReference; lastKnownFileType = wrapper.xcdatamodel; path = keenbrace.xcdatamodel; sourceTree = "<group>"; };
		00EC56601BB3A99400443FFC /* HomeViewController.swift */ = {isa = PBXFileReference; lastKnownFileType = sourcecode.swift; path = HomeViewController.swift; sourceTree = "<group>"; };
		00EC56631BB3A99400443FFC /* Base */ = {isa = PBXFileReference; lastKnownFileType = file.storyboard; name = Base; path = Base.lproj/Main.storyboard; sourceTree = "<group>"; };
		00EC56651BB3A99400443FFC /* Images.xcassets */ = {isa = PBXFileReference; lastKnownFileType = folder.assetcatalog; path = Images.xcassets; sourceTree = "<group>"; };
		00EC56681BB3A99400443FFC /* Base */ = {isa = PBXFileReference; lastKnownFileType = file.xib; name = Base; path = Base.lproj/LaunchScreen.xib; sourceTree = "<group>"; };
		00EC566E1BB3A99400443FFC /* keenbraceTests.xctest */ = {isa = PBXFileReference; explicitFileType = wrapper.cfbundle; includeInIndex = 0; path = keenbraceTests.xctest; sourceTree = BUILT_PRODUCTS_DIR; };
		00EC56731BB3A99400443FFC /* Info.plist */ = {isa = PBXFileReference; lastKnownFileType = text.plist.xml; path = Info.plist; sourceTree = "<group>"; };
		00EC56741BB3A99400443FFC /* keenbraceTests.swift */ = {isa = PBXFileReference; lastKnownFileType = sourcecode.swift; path = keenbraceTests.swift; sourceTree = "<group>"; };
		42A7ACC8BB19AF3ED0DEBF65 /* Pods.debug.xcconfig */ = {isa = PBXFileReference; includeInIndex = 1; lastKnownFileType = text.xcconfig; name = Pods.debug.xcconfig; path = "Pods/Target Support Files/Pods/Pods.debug.xcconfig"; sourceTree = "<group>"; };
		55384EDD1BCB624F000EEE39 /* GuideListTableViewController.swift */ = {isa = PBXFileReference; fileEncoding = 4; lastKnownFileType = sourcecode.swift; path = GuideListTableViewController.swift; sourceTree = "<group>"; };
		55384EDF1BCB62FD000EEE39 /* GuideViewController.swift */ = {isa = PBXFileReference; fileEncoding = 4; lastKnownFileType = sourcecode.swift; path = GuideViewController.swift; sourceTree = "<group>"; };
		55384EE11BCB67AF000EEE39 /* RunningViewController.swift */ = {isa = PBXFileReference; fileEncoding = 4; lastKnownFileType = sourcecode.swift; path = RunningViewController.swift; sourceTree = "<group>"; };
		556110281BCE86DC00B02BBD /* ModifyInfoViewController.swift */ = {isa = PBXFileReference; fileEncoding = 4; lastKnownFileType = sourcecode.swift; path = ModifyInfoViewController.swift; sourceTree = "<group>"; };
		55D894C11BCCF5DD0084ED40 /* MyselfTableViewController.swift */ = {isa = PBXFileReference; fileEncoding = 4; lastKnownFileType = sourcecode.swift; path = MyselfTableViewController.swift; sourceTree = "<group>"; };
		55D894C31BCD0E970084ED40 /* UserInfoViewController.swift */ = {isa = PBXFileReference; fileEncoding = 4; lastKnownFileType = sourcecode.swift; path = UserInfoViewController.swift; sourceTree = "<group>"; };
		A926505A95097411C6470FBC /* Pods.release.xcconfig */ = {isa = PBXFileReference; includeInIndex = 1; lastKnownFileType = text.xcconfig; name = Pods.release.xcconfig; path = "Pods/Target Support Files/Pods/Pods.release.xcconfig"; sourceTree = "<group>"; };
		F3F6FB4AE5F83D0158718A9A /* Pods.framework */ = {isa = PBXFileReference; explicitFileType = wrapper.framework; includeInIndex = 0; path = Pods.framework; sourceTree = BUILT_PRODUCTS_DIR; };
/* End PBXFileReference section */

/* Begin PBXFrameworksBuildPhase section */
		00EC56531BB3A99400443FFC /* Frameworks */ = {
			isa = PBXFrameworksBuildPhase;
			buildActionMask = 2147483647;
			files = (
				73ED24F2B355864A0AF73EFD /* Pods.framework in Frameworks */,
			);
			runOnlyForDeploymentPostprocessing = 0;
		};
		00EC566B1BB3A99400443FFC /* Frameworks */ = {
			isa = PBXFrameworksBuildPhase;
			buildActionMask = 2147483647;
			files = (
			);
			runOnlyForDeploymentPostprocessing = 0;
		};
/* End PBXFrameworksBuildPhase section */

/* Begin PBXGroup section */
		00EC564D1BB3A99400443FFC = {
			isa = PBXGroup;
			children = (
				00EC56581BB3A99400443FFC /* keenbrace */,
				00EC56711BB3A99400443FFC /* keenbraceTests */,
				00EC56571BB3A99400443FFC /* Products */,
				94886A9D48FE5EEC0072246E /* Pods */,
				5363C065EF5CBA067CDBE2C3 /* Frameworks */,
			);
			sourceTree = "<group>";
		};
		00EC56571BB3A99400443FFC /* Products */ = {
			isa = PBXGroup;
			children = (
				00EC56561BB3A99400443FFC /* keenbrace.app */,
				00EC566E1BB3A99400443FFC /* keenbraceTests.xctest */,
			);
			name = Products;
			sourceTree = "<group>";
		};
		00EC56581BB3A99400443FFC /* keenbrace */ = {
			isa = PBXGroup;
			children = (
				00EC565B1BB3A99400443FFC /* AppDelegate.swift */,
				00EC56601BB3A99400443FFC /* HomeViewController.swift */,
				006FD4821BB3D25A00B067E3 /* HistoryViewController.swift */,
				55384EDD1BCB624F000EEE39 /* GuideListTableViewController.swift */,
				55384EDF1BCB62FD000EEE39 /* GuideViewController.swift */,
				55384EE11BCB67AF000EEE39 /* RunningViewController.swift */,
				006FD4801BB3CEE900B067E3 /* ConnectViewController.swift */,
				556110271BCE84C700B02BBD /* 我的 */,
				00EC56621BB3A99400443FFC /* Main.storyboard */,
				00EC56651BB3A99400443FFC /* Images.xcassets */,
				00EC56671BB3A99400443FFC /* LaunchScreen.xib */,
				00EC565D1BB3A99400443FFC /* keenbrace.xcdatamodeld */,
				00EC56591BB3A99400443FFC /* Supporting Files */,
			);
			path = keenbrace;
			sourceTree = "<group>";
		};
		00EC56591BB3A99400443FFC /* Supporting Files */ = {
			isa = PBXGroup;
			children = (
				00EC565A1BB3A99400443FFC /* Info.plist */,
				006FD47E1BB3CB9500B067E3 /* User.plist */,
			);
			name = "Supporting Files";
			sourceTree = "<group>";
		};
		00EC56711BB3A99400443FFC /* keenbraceTests */ = {
			isa = PBXGroup;
			children = (
				00EC56741BB3A99400443FFC /* keenbraceTests.swift */,
				00EC56721BB3A99400443FFC /* Supporting Files */,
			);
			path = keenbraceTests;
			sourceTree = "<group>";
		};
		00EC56721BB3A99400443FFC /* Supporting Files */ = {
			isa = PBXGroup;
			children = (
				00EC56731BB3A99400443FFC /* Info.plist */,
			);
			name = "Supporting Files";
			sourceTree = "<group>";
		};
		5363C065EF5CBA067CDBE2C3 /* Frameworks */ = {
			isa = PBXGroup;
			children = (
				F3F6FB4AE5F83D0158718A9A /* Pods.framework */,
			);
			name = Frameworks;
			sourceTree = "<group>";
		};
		556110271BCE84C700B02BBD /* 我的 */ = {
			isa = PBXGroup;
			children = (
				55D894C11BCCF5DD0084ED40 /* MyselfTableViewController.swift */,
				55D894C31BCD0E970084ED40 /* UserInfoViewController.swift */,
				556110281BCE86DC00B02BBD /* ModifyInfoViewController.swift */,
			);
			name = "我的";
			sourceTree = "<group>";
		};
		94886A9D48FE5EEC0072246E /* Pods */ = {
			isa = PBXGroup;
			children = (
				42A7ACC8BB19AF3ED0DEBF65 /* Pods.debug.xcconfig */,
				A926505A95097411C6470FBC /* Pods.release.xcconfig */,
			);
			name = Pods;
			sourceTree = "<group>";
		};
/* End PBXGroup section */

/* Begin PBXNativeTarget section */
		00EC56551BB3A99400443FFC /* keenbrace */ = {
			isa = PBXNativeTarget;
			buildConfigurationList = 00EC56781BB3A99400443FFC /* Build configuration list for PBXNativeTarget "keenbrace" */;
			buildPhases = (
				0F5B9F308B7DEC034BDA777D /* Check Pods Manifest.lock */,
				00EC56521BB3A99400443FFC /* Sources */,
				00EC56531BB3A99400443FFC /* Frameworks */,
				00EC56541BB3A99400443FFC /* Resources */,
				B7CEF842EE7511F828D5CA8D /* Embed Pods Frameworks */,
				60D2CD5C46E920DBC7195D3E /* Copy Pods Resources */,
			);
			buildRules = (
			);
			dependencies = (
			);
			name = keenbrace;
			productName = keenbrace;
			productReference = 00EC56561BB3A99400443FFC /* keenbrace.app */;
			productType = "com.apple.product-type.application";
		};
		00EC566D1BB3A99400443FFC /* keenbraceTests */ = {
			isa = PBXNativeTarget;
			buildConfigurationList = 00EC567B1BB3A99400443FFC /* Build configuration list for PBXNativeTarget "keenbraceTests" */;
			buildPhases = (
				00EC566A1BB3A99400443FFC /* Sources */,
				00EC566B1BB3A99400443FFC /* Frameworks */,
				00EC566C1BB3A99400443FFC /* Resources */,
			);
			buildRules = (
			);
			dependencies = (
				00EC56701BB3A99400443FFC /* PBXTargetDependency */,
			);
			name = keenbraceTests;
			productName = keenbraceTests;
			productReference = 00EC566E1BB3A99400443FFC /* keenbraceTests.xctest */;
			productType = "com.apple.product-type.bundle.unit-test";
		};
/* End PBXNativeTarget section */

/* Begin PBXProject section */
		00EC564E1BB3A99400443FFC /* Project object */ = {
			isa = PBXProject;
			attributes = {
				LastSwiftMigration = 0710;
				LastSwiftUpdateCheck = 0710;
				LastUpgradeCheck = 0710;
				ORGANIZATIONNAME = "mike公司";
				TargetAttributes = {
					00EC56551BB3A99400443FFC = {
						CreatedOnToolsVersion = 6.4;
						DevelopmentTeam = 7STK858PKA;
					};
					00EC566D1BB3A99400443FFC = {
						CreatedOnToolsVersion = 6.4;
						TestTargetID = 00EC56551BB3A99400443FFC;
					};
				};
			};
			buildConfigurationList = 00EC56511BB3A99400443FFC /* Build configuration list for PBXProject "keenbrace" */;
			compatibilityVersion = "Xcode 3.2";
			developmentRegion = English;
			hasScannedForEncodings = 0;
			knownRegions = (
				en,
				Base,
			);
			mainGroup = 00EC564D1BB3A99400443FFC;
			productRefGroup = 00EC56571BB3A99400443FFC /* Products */;
			projectDirPath = "";
			projectRoot = "";
			targets = (
				00EC56551BB3A99400443FFC /* keenbrace */,
				00EC566D1BB3A99400443FFC /* keenbraceTests */,
			);
		};
/* End PBXProject section */

/* Begin PBXResourcesBuildPhase section */
		00EC56541BB3A99400443FFC /* Resources */ = {
			isa = PBXResourcesBuildPhase;
			buildActionMask = 2147483647;
			files = (
				00EC56641BB3A99400443FFC /* Main.storyboard in Resources */,
				00EC56691BB3A99400443FFC /* LaunchScreen.xib in Resources */,
				006FD47F1BB3CB9500B067E3 /* User.plist in Resources */,
				00EC56661BB3A99400443FFC /* Images.xcassets in Resources */,
			);
			runOnlyForDeploymentPostprocessing = 0;
		};
		00EC566C1BB3A99400443FFC /* Resources */ = {
			isa = PBXResourcesBuildPhase;
			buildActionMask = 2147483647;
			files = (
			);
			runOnlyForDeploymentPostprocessing = 0;
		};
/* End PBXResourcesBuildPhase section */

/* Begin PBXShellScriptBuildPhase section */
		0F5B9F308B7DEC034BDA777D /* Check Pods Manifest.lock */ = {
			isa = PBXShellScriptBuildPhase;
			buildActionMask = 2147483647;
			files = (
			);
			inputPaths = (
			);
			name = "Check Pods Manifest.lock";
			outputPaths = (
			);
			runOnlyForDeploymentPostprocessing = 0;
			shellPath = /bin/sh;
			shellScript = "diff \"${PODS_ROOT}/../Podfile.lock\" \"${PODS_ROOT}/Manifest.lock\" > /dev/null\nif [[ $? != 0 ]] ; then\n    cat << EOM\nerror: The sandbox is not in sync with the Podfile.lock. Run 'pod install' or update your CocoaPods installation.\nEOM\n    exit 1\nfi\n";
			showEnvVarsInLog = 0;
		};
		60D2CD5C46E920DBC7195D3E /* Copy Pods Resources */ = {
			isa = PBXShellScriptBuildPhase;
			buildActionMask = 2147483647;
			files = (
			);
			inputPaths = (
			);
			name = "Copy Pods Resources";
			outputPaths = (
			);
			runOnlyForDeploymentPostprocessing = 0;
			shellPath = /bin/sh;
			shellScript = "\"${SRCROOT}/Pods/Target Support Files/Pods/Pods-resources.sh\"\n";
			showEnvVarsInLog = 0;
		};
		B7CEF842EE7511F828D5CA8D /* Embed Pods Frameworks */ = {
			isa = PBXShellScriptBuildPhase;
			buildActionMask = 2147483647;
			files = (
			);
			inputPaths = (
			);
			name = "Embed Pods Frameworks";
			outputPaths = (
			);
			runOnlyForDeploymentPostprocessing = 0;
			shellPath = /bin/sh;
			shellScript = "\"${SRCROOT}/Pods/Target Support Files/Pods/Pods-frameworks.sh\"\n";
			showEnvVarsInLog = 0;
		};
/* End PBXShellScriptBuildPhase section */

/* Begin PBXSourcesBuildPhase section */
		00EC56521BB3A99400443FFC /* Sources */ = {
			isa = PBXSourcesBuildPhase;
			buildActionMask = 2147483647;
			files = (
				006FD4831BB3D25A00B067E3 /* HistoryViewController.swift in Sources */,
				55384EE01BCB62FD000EEE39 /* GuideViewController.swift in Sources */,
				00EC56611BB3A99400443FFC /* HomeViewController.swift in Sources */,
				55384EDE1BCB624F000EEE39 /* GuideListTableViewController.swift in Sources */,
				00EC565F1BB3A99400443FFC /* keenbrace.xcdatamodeld in Sources */,
				00EC565C1BB3A99400443FFC /* AppDelegate.swift in Sources */,
				556110291BCE86DC00B02BBD /* ModifyInfoViewController.swift in Sources */,
				55D894C21BCCF5DD0084ED40 /* MyselfTableViewController.swift in Sources */,
				55D894C41BCD0E970084ED40 /* UserInfoViewController.swift in Sources */,
				55384EE21BCB67AF000EEE39 /* RunningViewController.swift in Sources */,
				006FD4811BB3CEE900B067E3 /* ConnectViewController.swift in Sources */,
			);
			runOnlyForDeploymentPostprocessing = 0;
		};
		00EC566A1BB3A99400443FFC /* Sources */ = {
			isa = PBXSourcesBuildPhase;
			buildActionMask = 2147483647;
			files = (
				00EC56751BB3A99400443FFC /* keenbraceTests.swift in Sources */,
			);
			runOnlyForDeploymentPostprocessing = 0;
		};
/* End PBXSourcesBuildPhase section */

/* Begin PBXTargetDependency section */
		00EC56701BB3A99400443FFC /* PBXTargetDependency */ = {
			isa = PBXTargetDependency;
			target = 00EC56551BB3A99400443FFC /* keenbrace */;
			targetProxy = 00EC566F1BB3A99400443FFC /* PBXContainerItemProxy */;
		};
/* End PBXTargetDependency section */

/* Begin PBXVariantGroup section */
		00EC56621BB3A99400443FFC /* Main.storyboard */ = {
			isa = PBXVariantGroup;
			children = (
				00EC56631BB3A99400443FFC /* Base */,
			);
			name = Main.storyboard;
			sourceTree = "<group>";
		};
		00EC56671BB3A99400443FFC /* LaunchScreen.xib */ = {
			isa = PBXVariantGroup;
			children = (
				00EC56681BB3A99400443FFC /* Base */,
			);
			name = LaunchScreen.xib;
			sourceTree = "<group>";
		};
/* End PBXVariantGroup section */

/* Begin XCBuildConfiguration section */
		00EC56761BB3A99400443FFC /* Debug */ = {
			isa = XCBuildConfiguration;
			buildSettings = {
				ALWAYS_SEARCH_USER_PATHS = NO;
				CLANG_CXX_LANGUAGE_STANDARD = "gnu++0x";
				CLANG_CXX_LIBRARY = "libc++";
				CLANG_ENABLE_MODULES = YES;
				CLANG_ENABLE_OBJC_ARC = YES;
				CLANG_WARN_BOOL_CONVERSION = YES;
				CLANG_WARN_CONSTANT_CONVERSION = YES;
				CLANG_WARN_DIRECT_OBJC_ISA_USAGE = YES_ERROR;
				CLANG_WARN_EMPTY_BODY = YES;
				CLANG_WARN_ENUM_CONVERSION = YES;
				CLANG_WARN_INT_CONVERSION = YES;
				CLANG_WARN_OBJC_ROOT_CLASS = YES_ERROR;
				CLANG_WARN_UNREACHABLE_CODE = YES;
				CLANG_WARN__DUPLICATE_METHOD_MATCH = YES;
				"CODE_SIGN_IDENTITY[sdk=iphoneos*]" = "iPhone Developer";
				COPY_PHASE_STRIP = NO;
				DEBUG_INFORMATION_FORMAT = "dwarf-with-dsym";
				ENABLE_STRICT_OBJC_MSGSEND = YES;
				ENABLE_TESTABILITY = YES;
				GCC_C_LANGUAGE_STANDARD = gnu99;
				GCC_DYNAMIC_NO_PIC = NO;
				GCC_NO_COMMON_BLOCKS = YES;
				GCC_OPTIMIZATION_LEVEL = 0;
				GCC_PREPROCESSOR_DEFINITIONS = (
					"DEBUG=1",
					"$(inherited)",
				);
				GCC_SYMBOLS_PRIVATE_EXTERN = NO;
				GCC_WARN_64_TO_32_BIT_CONVERSION = YES;
				GCC_WARN_ABOUT_RETURN_TYPE = YES_ERROR;
				GCC_WARN_UNDECLARED_SELECTOR = YES;
				GCC_WARN_UNINITIALIZED_AUTOS = YES_AGGRESSIVE;
				GCC_WARN_UNUSED_FUNCTION = YES;
				GCC_WARN_UNUSED_VARIABLE = YES;
				IPHONEOS_DEPLOYMENT_TARGET = 8.4;
				MTL_ENABLE_DEBUG_INFO = YES;
				ONLY_ACTIVE_ARCH = YES;
				SDKROOT = iphoneos;
				SWIFT_OPTIMIZATION_LEVEL = "-Onone";
				TARGETED_DEVICE_FAMILY = "1,2";
			};
			name = Debug;
		};
		00EC56771BB3A99400443FFC /* Release */ = {
			isa = XCBuildConfiguration;
			buildSettings = {
				ALWAYS_SEARCH_USER_PATHS = NO;
				CLANG_CXX_LANGUAGE_STANDARD = "gnu++0x";
				CLANG_CXX_LIBRARY = "libc++";
				CLANG_ENABLE_MODULES = YES;
				CLANG_ENABLE_OBJC_ARC = YES;
				CLANG_WARN_BOOL_CONVERSION = YES;
				CLANG_WARN_CONSTANT_CONVERSION = YES;
				CLANG_WARN_DIRECT_OBJC_ISA_USAGE = YES_ERROR;
				CLANG_WARN_EMPTY_BODY = YES;
				CLANG_WARN_ENUM_CONVERSION = YES;
				CLANG_WARN_INT_CONVERSION = YES;
				CLANG_WARN_OBJC_ROOT_CLASS = YES_ERROR;
				CLANG_WARN_UNREACHABLE_CODE = YES;
				CLANG_WARN__DUPLICATE_METHOD_MATCH = YES;
				"CODE_SIGN_IDENTITY[sdk=iphoneos*]" = "iPhone Developer";
				COPY_PHASE_STRIP = NO;
				DEBUG_INFORMATION_FORMAT = "dwarf-with-dsym";
				ENABLE_NS_ASSERTIONS = NO;
				ENABLE_STRICT_OBJC_MSGSEND = YES;
				GCC_C_LANGUAGE_STANDARD = gnu99;
				GCC_NO_COMMON_BLOCKS = YES;
				GCC_WARN_64_TO_32_BIT_CONVERSION = YES;
				GCC_WARN_ABOUT_RETURN_TYPE = YES_ERROR;
				GCC_WARN_UNDECLARED_SELECTOR = YES;
				GCC_WARN_UNINITIALIZED_AUTOS = YES_AGGRESSIVE;
				GCC_WARN_UNUSED_FUNCTION = YES;
				GCC_WARN_UNUSED_VARIABLE = YES;
				IPHONEOS_DEPLOYMENT_TARGET = 8.4;
				MTL_ENABLE_DEBUG_INFO = NO;
				SDKROOT = iphoneos;
				TARGETED_DEVICE_FAMILY = "1,2";
				VALIDATE_PRODUCT = YES;
			};
			name = Release;
		};
		00EC56791BB3A99400443FFC /* Debug */ = {
			isa = XCBuildConfiguration;
			baseConfigurationReference = 42A7ACC8BB19AF3ED0DEBF65 /* Pods.debug.xcconfig */;
			buildSettings = {
				ASSETCATALOG_COMPILER_APPICON_NAME = AppIcon;
				CODE_SIGN_IDENTITY = "iPhone Developer";
				"CODE_SIGN_IDENTITY[sdk=iphoneos*]" = "iPhone Developer";
				INFOPLIST_FILE = keenbrace/Info.plist;
				LD_RUNPATH_SEARCH_PATHS = "$(inherited) @executable_path/Frameworks";
				PRODUCT_BUNDLE_IDENTIFIER = "com.mike.$(PRODUCT_NAME:rfc1034identifier)";
				PRODUCT_NAME = "$(TARGET_NAME)";
				PROVISIONING_PROFILE = "";
			};
			name = Debug;
		};
		00EC567A1BB3A99400443FFC /* Release */ = {
			isa = XCBuildConfiguration;
			baseConfigurationReference = A926505A95097411C6470FBC /* Pods.release.xcconfig */;
			buildSettings = {
				ASSETCATALOG_COMPILER_APPICON_NAME = AppIcon;
				CODE_SIGN_IDENTITY = "iPhone Developer";
				"CODE_SIGN_IDENTITY[sdk=iphoneos*]" = "iPhone Developer";
				INFOPLIST_FILE = keenbrace/Info.plist;
				LD_RUNPATH_SEARCH_PATHS = "$(inherited) @executable_path/Frameworks";
				PRODUCT_BUNDLE_IDENTIFIER = "com.mike.$(PRODUCT_NAME:rfc1034identifier)";
				PRODUCT_NAME = "$(TARGET_NAME)";
				PROVISIONING_PROFILE = "";
			};
			name = Release;
		};
		00EC567C1BB3A99400443FFC /* Debug */ = {
			isa = XCBuildConfiguration;
			buildSettings = {
				BUNDLE_LOADER = "$(TEST_HOST)";
				FRAMEWORK_SEARCH_PATHS = (
					"$(SDKROOT)/Developer/Library/Frameworks",
					"$(inherited)",
				);
				GCC_PREPROCESSOR_DEFINITIONS = (
					"DEBUG=1",
					"$(inherited)",
				);
				INFOPLIST_FILE = keenbraceTests/Info.plist;
				LD_RUNPATH_SEARCH_PATHS = "$(inherited) @executable_path/Frameworks @loader_path/Frameworks";
				PRODUCT_BUNDLE_IDENTIFIER = "com.mike.$(PRODUCT_NAME:rfc1034identifier)";
				PRODUCT_NAME = "$(TARGET_NAME)";
				TEST_HOST = "$(BUILT_PRODUCTS_DIR)/keenbrace.app/keenbrace";
			};
			name = Debug;
		};
		00EC567D1BB3A99400443FFC /* Release */ = {
			isa = XCBuildConfiguration;
			buildSettings = {
				BUNDLE_LOADER = "$(TEST_HOST)";
				FRAMEWORK_SEARCH_PATHS = (
					"$(SDKROOT)/Developer/Library/Frameworks",
					"$(inherited)",
				);
				INFOPLIST_FILE = keenbraceTests/Info.plist;
				LD_RUNPATH_SEARCH_PATHS = "$(inherited) @executable_path/Frameworks @loader_path/Frameworks";
				PRODUCT_BUNDLE_IDENTIFIER = "com.mike.$(PRODUCT_NAME:rfc1034identifier)";
				PRODUCT_NAME = "$(TARGET_NAME)";
				TEST_HOST = "$(BUILT_PRODUCTS_DIR)/keenbrace.app/keenbrace";
			};
			name = Release;
		};
/* End XCBuildConfiguration section */

/* Begin XCConfigurationList section */
		00EC56511BB3A99400443FFC /* Build configuration list for PBXProject "keenbrace" */ = {
			isa = XCConfigurationList;
			buildConfigurations = (
				00EC56761BB3A99400443FFC /* Debug */,
				00EC56771BB3A99400443FFC /* Release */,
			);
			defaultConfigurationIsVisible = 0;
			defaultConfigurationName = Release;
		};
		00EC56781BB3A99400443FFC /* Build configuration list for PBXNativeTarget "keenbrace" */ = {
			isa = XCConfigurationList;
			buildConfigurations = (
				00EC56791BB3A99400443FFC /* Debug */,
				00EC567A1BB3A99400443FFC /* Release */,
			);
			defaultConfigurationIsVisible = 0;
			defaultConfigurationName = Release;
		};
		00EC567B1BB3A99400443FFC /* Build configuration list for PBXNativeTarget "keenbraceTests" */ = {
			isa = XCConfigurationList;
			buildConfigurations = (
				00EC567C1BB3A99400443FFC /* Debug */,
				00EC567D1BB3A99400443FFC /* Release */,
			);
			defaultConfigurationIsVisible = 0;
			defaultConfigurationName = Release;
		};
/* End XCConfigurationList section */

/* Begin XCVersionGroup section */
		00EC565D1BB3A99400443FFC /* keenbrace.xcdatamodeld */ = {
			isa = XCVersionGroup;
			children = (
				00EC565E1BB3A99400443FFC /* keenbrace.xcdatamodel */,
			);
			currentVersion = 00EC565E1BB3A99400443FFC /* keenbrace.xcdatamodel */;
			path = keenbrace.xcdatamodeld;
			sourceTree = "<group>";
			versionGroupType = wrapper.xcdatamodel;
		};
/* End XCVersionGroup section */
	};
	rootObject = 00EC564E1BB3A99400443FFC /* Project object */;
}
